
Microsoft Visual Studio Solution File, Format Version 12.00
# Visual Studio Version 16
VisualStudioVersion = 16.0.30309.148
MinimumVisualStudioVersion = 10.0.40219.1
Project("{FAE04EC0-301F-11D3-BF4B-00C04F79EFBC}") = "Lab9_Students", "Lab9_Students.csproj", "{7C95E537-885A-4F15-BE84-DDB024BB98DD}"
EndProject
Project("{FAE04EC0-301F-11D3-BF4B-00C04F79EFBC}") = "Lab9.DataLayer", "..\Lab9.DataLayer\Lab9.DataLayer.csproj", "{D49815AE-5DE8-43C7-8E72-AB50326944F5}"
EndProject
Project("{FAE04EC0-301F-11D3-BF4B-00C04F79EFBC}") = "Lab9.BusinessLayer", "..\Lab9.BusinessLayer\Lab9.BusinessLayer.csproj", "{7C24B41D-C0A3-4871-8E74-7A0D7212DD87}"
EndProject
Global
	GlobalSection(SolutionConfigurationPlatforms) = preSolution
		Debug|Any CPU = Debug|Any CPU
		Release|Any CPU = Release|Any CPU
	EndGlobalSection
	GlobalSection(ProjectConfigurationPlatforms) = postSolution
		{7C95E537-885A-4F15-BE84-DDB024BB98DD}.Debug|Any CPU.ActiveCfg = Debug|Any CPU
		{7C95E537-885A-4F15-BE84-DDB024BB98DD}.Debug|Any CPU.Build.0 = Debug|Any CPU
		{7C95E537-885A-4F15-BE84-DDB024BB98DD}.Release|Any CPU.ActiveCfg = Release|Any CPU
		{7C95E537-885A-4F15-BE84-DDB024BB98DD}.Release|Any CPU.Build.0 = Release|Any CPU
		{D49815AE-5DE8-43C7-8E72-AB50326944F5}.Debug|Any CPU.ActiveCfg = Debug|Any CPU
		{D49815AE-5DE8-43C7-8E72-AB50326944F5}.Debug|Any CPU.Build.0 = Debug|Any CPU
		{D49815AE-5DE8-43C7-8E72-AB50326944F5}.Release|Any CPU.ActiveCfg = Release|Any CPU
		{D49815AE-5DE8-43C7-8E72-AB50326944F5}.Release|Any CPU.Build.0 = Release|Any CPU
		{7C24B41D-C0A3-4871-8E74-7A0D7212DD87}.Debug|Any CPU.ActiveCfg = Debug|Any CPU
		{7C24B41D-C0A3-4871-8E74-7A0D7212DD87}.Debug|Any CPU.Build.0 = Debug|Any CPU
		{7C24B41D-C0A3-4871-8E74-7A0D7212DD87}.Release|Any CPU.ActiveCfg = Release|Any CPU
		{7C24B41D-C0A3-4871-8E74-7A0D7212DD87}.Release|Any CPU.Build.0 = Release|Any CPU
	EndGlobalSection
	GlobalSection(SolutionProperties) = preSolution
		HideSolutionNode = FALSE
	EndGlobalSection
	GlobalSection(ExtensibilityGlobals) = postSolution
		SolutionGuid = {E68243C2-2E03-4D0D-9E39-8C5EA97EA769}
	EndGlobalSection
EndGlobal
